
Microsoft Visual Studio Solution File, Format Version 12.00
# Visual Studio Version 17
VisualStudioVersion = 17.4.33213.308
MinimumVisualStudioVersion = 10.0.40219.1
Project("{FAE04EC0-301F-11D3-BF4B-00C04F79EFBC}") = "1", "1\1.csproj", "{852219C3-E380-4E8E-A18D-0F391E8D58C2}"
EndProject
Global
	GlobalSection(SolutionConfigurationPlatforms) = preSolution
		Debug|Any CPU = Debug|Any CPU
		Release|Any CPU = Release|Any CPU
	EndGlobalSection
	GlobalSection(ProjectConfigurationPlatforms) = postSolution
		{852219C3-E380-4E8E-A18D-0F391E8D58C2}.Debug|Any CPU.ActiveCfg = Debug|Any CPU
		{852219C3-E380-4E8E-A18D-0F391E8D58C2}.Debug|Any CPU.Build.0 = Debug|Any CPU
		{852219C3-E380-4E8E-A18D-0F391E8D58C2}.Release|Any CPU.ActiveCfg = Release|Any CPU
		{852219C3-E380-4E8E-A18D-0F391E8D58C2}.Release|Any CPU.Build.0 = Release|Any CPU
	EndGlobalSection
	GlobalSection(SolutionProperties) = preSolution
		HideSolutionNode = FALSE
	EndGlobalSection
	GlobalSection(ExtensibilityGlobals) = postSolution
		SolutionGuid = {6B00BB14-5C52-462D-8815-653B1D2A1B52}
	EndGlobalSection
EndGlobal
